
Microsoft Visual Studio Solution File, Format Version 12.00
# Visual Studio Version 17
VisualStudioVersion = 17.8.34511.84
MinimumVisualStudioVersion = 10.0.40219.1
Project("{FAE04EC0-301F-11D3-BF4B-00C04F79EFBC}") = "ASP-ADO.NET", "ASP-ADO.NET\ASP-ADO.NET.csproj", "{298E5CB0-CB6B-434B-8431-B6C34FD47030}"
EndProject
Project("{2150E333-8FDC-42A3-9474-1A3956D46DE8}") = "КТ-1", "КТ-1", "{C7FC1EA3-D9BC-4913-BB10-5FEBC44E3FEE}"
EndProject
Project("{FAE04EC0-301F-11D3-BF4B-00C04F79EFBC}") = "MvcApp1", "MvcApp1\MvcApp1.csproj", "{E38AC0F2-841E-4779-ACD8-DF1AA230E800}"
EndProject
Project("{2150E333-8FDC-42A3-9474-1A3956D46DE8}") = "КТ-2", "КТ-2", "{6C095698-100E-431B-8114-512943EE6712}"
EndProject
Project("{FAE04EC0-301F-11D3-BF4B-00C04F79EFBC}") = "TextEditor", "TextEditor\TextEditor.csproj", "{16C5FB62-6778-40B3-BDCD-645ADCBF32CC}"
EndProject
Project("{FAE04EC0-301F-11D3-BF4B-00C04F79EFBC}") = "Text-Editor", "Text-Editor\Text-Editor.csproj", "{2FABDF3C-1B95-40E0-AFE2-EC2E4E804FE9}"
EndProject
Global
	GlobalSection(SolutionConfigurationPlatforms) = preSolution
		Debug|Any CPU = Debug|Any CPU
		Release|Any CPU = Release|Any CPU
	EndGlobalSection
	GlobalSection(ProjectConfigurationPlatforms) = postSolution
		{298E5CB0-CB6B-434B-8431-B6C34FD47030}.Debug|Any CPU.ActiveCfg = Debug|Any CPU
		{298E5CB0-CB6B-434B-8431-B6C34FD47030}.Debug|Any CPU.Build.0 = Debug|Any CPU
		{298E5CB0-CB6B-434B-8431-B6C34FD47030}.Release|Any CPU.ActiveCfg = Release|Any CPU
		{298E5CB0-CB6B-434B-8431-B6C34FD47030}.Release|Any CPU.Build.0 = Release|Any CPU
		{E38AC0F2-841E-4779-ACD8-DF1AA230E800}.Debug|Any CPU.ActiveCfg = Debug|Any CPU
		{E38AC0F2-841E-4779-ACD8-DF1AA230E800}.Debug|Any CPU.Build.0 = Debug|Any CPU
		{E38AC0F2-841E-4779-ACD8-DF1AA230E800}.Release|Any CPU.ActiveCfg = Release|Any CPU
		{E38AC0F2-841E-4779-ACD8-DF1AA230E800}.Release|Any CPU.Build.0 = Release|Any CPU
		{16C5FB62-6778-40B3-BDCD-645ADCBF32CC}.Debug|Any CPU.ActiveCfg = Debug|Any CPU
		{16C5FB62-6778-40B3-BDCD-645ADCBF32CC}.Debug|Any CPU.Build.0 = Debug|Any CPU
		{16C5FB62-6778-40B3-BDCD-645ADCBF32CC}.Release|Any CPU.ActiveCfg = Release|Any CPU
		{16C5FB62-6778-40B3-BDCD-645ADCBF32CC}.Release|Any CPU.Build.0 = Release|Any CPU
		{2FABDF3C-1B95-40E0-AFE2-EC2E4E804FE9}.Debug|Any CPU.ActiveCfg = Debug|Any CPU
		{2FABDF3C-1B95-40E0-AFE2-EC2E4E804FE9}.Debug|Any CPU.Build.0 = Debug|Any CPU
		{2FABDF3C-1B95-40E0-AFE2-EC2E4E804FE9}.Release|Any CPU.ActiveCfg = Release|Any CPU
		{2FABDF3C-1B95-40E0-AFE2-EC2E4E804FE9}.Release|Any CPU.Build.0 = Release|Any CPU
	EndGlobalSection
	GlobalSection(SolutionProperties) = preSolution
		HideSolutionNode = FALSE
	EndGlobalSection
	GlobalSection(NestedProjects) = preSolution
		{E38AC0F2-841E-4779-ACD8-DF1AA230E800} = {C7FC1EA3-D9BC-4913-BB10-5FEBC44E3FEE}
		{16C5FB62-6778-40B3-BDCD-645ADCBF32CC} = {6C095698-100E-431B-8114-512943EE6712}
		{2FABDF3C-1B95-40E0-AFE2-EC2E4E804FE9} = {6C095698-100E-431B-8114-512943EE6712}
	EndGlobalSection
	GlobalSection(ExtensibilityGlobals) = postSolution
		SolutionGuid = {B366B5A8-A6F2-4046-A0E1-7A0394AF06F7}
	EndGlobalSection
EndGlobal
