
Microsoft Visual Studio Solution File, Format Version 12.00
# Visual Studio Version 17
VisualStudioVersion = 17.14.36202.13 d17.14
MinimumVisualStudioVersion = 10.0.40219.1
Project("{FAE04EC0-301F-11D3-BF4B-00C04F79EFBC}") = "UserRegister", "UserRegister\UserRegister.csproj", "{CE6B6109-26B8-4216-8CD1-2B069CBE624C}"
EndProject
Global
	GlobalSection(SolutionConfigurationPlatforms) = preSolution
		Debug|Any CPU = Debug|Any CPU
		Release|Any CPU = Release|Any CPU
	EndGlobalSection
	GlobalSection(ProjectConfigurationPlatforms) = postSolution
		{CE6B6109-26B8-4216-8CD1-2B069CBE624C}.Debug|Any CPU.ActiveCfg = Debug|Any CPU
		{CE6B6109-26B8-4216-8CD1-2B069CBE624C}.Debug|Any CPU.Build.0 = Debug|Any CPU
		{CE6B6109-26B8-4216-8CD1-2B069CBE624C}.Release|Any CPU.ActiveCfg = Release|Any CPU
		{CE6B6109-26B8-4216-8CD1-2B069CBE624C}.Release|Any CPU.Build.0 = Release|Any CPU
	EndGlobalSection
	GlobalSection(SolutionProperties) = preSolution
		HideSolutionNode = FALSE
	EndGlobalSection
	GlobalSection(ExtensibilityGlobals) = postSolution
		SolutionGuid = {88D2FBA8-463D-498B-AE01-B9332F1BCEE1}
	EndGlobalSection
EndGlobal
